
Microsoft Visual Studio Solution File, Format Version 12.00
# Visual Studio Version 16
VisualStudioVersion = 16.0.31129.286
MinimumVisualStudioVersion = 10.0.40219.1
Project("{FAE04EC0-301F-11D3-BF4B-00C04F79EFBC}") = "Ball", "Ball\Ball.csproj", "{9BF2DD13-6565-4DB5-91C7-CD7821A0BE09}"
EndProject
Global
	GlobalSection(SolutionConfigurationPlatforms) = preSolution
		Debug|Any CPU = Debug|Any CPU
		Release|Any CPU = Release|Any CPU
	EndGlobalSection
	GlobalSection(ProjectConfigurationPlatforms) = postSolution
		{9BF2DD13-6565-4DB5-91C7-CD7821A0BE09}.Debug|Any CPU.ActiveCfg = Debug|Any CPU
		{9BF2DD13-6565-4DB5-91C7-CD7821A0BE09}.Debug|Any CPU.Build.0 = Debug|Any CPU
		{9BF2DD13-6565-4DB5-91C7-CD7821A0BE09}.Release|Any CPU.ActiveCfg = Release|Any CPU
		{9BF2DD13-6565-4DB5-91C7-CD7821A0BE09}.Release|Any CPU.Build.0 = Release|Any CPU
	EndGlobalSection
	GlobalSection(SolutionProperties) = preSolution
		HideSolutionNode = FALSE
	EndGlobalSection
	GlobalSection(ExtensibilityGlobals) = postSolution
		SolutionGuid = {357C8FCE-B6C4-47F1-A8F6-3813038B2BD0}
	EndGlobalSection
EndGlobal
